// !$*UTF8*$!
{
	archiveVersion = 1;
	classes = {
	};
	objectVersion = 52;
	objects = {

/* Begin PBXBuildFile section */
		5C09A4D024D30BA10043038E /* UserDefaulltsRepository.swift in Sources */ = {isa = PBXBuildFile; fileRef = 5C09A4CF24D30BA10043038E /* UserDefaulltsRepository.swift */; };
		5C157A6D2306FACA0088E712 /* BarItemView.swift in Sources */ = {isa = PBXBuildFile; fileRef = 5C157A6C2306FACA0088E712 /* BarItemView.swift */; };
		5C1B716C24D3433C00DDA8A3 /* CurrenciesViewModel.swift in Sources */ = {isa = PBXBuildFile; fileRef = 5C1B716B24D3433C00DDA8A3 /* CurrenciesViewModel.swift */; };
		5C1EC71F24CDA30B0084251A /* CCCApp.swift in Sources */ = {isa = PBXBuildFile; fileRef = 5C1EC71E24CDA30B0084251A /* CCCApp.swift */; };
		5C2F6E9723089BCB00FD9D31 /* CurrenciesView.swift in Sources */ = {isa = PBXBuildFile; fileRef = 5C2F6E9623089BCB00FD9D31 /* CurrenciesView.swift */; };
		5C2F6E9A23089C1300FD9D31 /* CurrencyItemView.swift in Sources */ = {isa = PBXBuildFile; fileRef = 5C2F6E9923089C1300FD9D31 /* CurrencyItemView.swift */; };
		5C34765122F71C56007F9694 /* CurrencyConverterCalculator.xcdatamodeld in Sources */ = {isa = PBXBuildFile; fileRef = 5C34764F22F71C56007F9694 /* CurrencyConverterCalculator.xcdatamodeld */; };
		5C34765322F71C56007F9694 /* CalculatorView.swift in Sources */ = {isa = PBXBuildFile; fileRef = 5C34765222F71C56007F9694 /* CalculatorView.swift */; };
		5C34765522F71C56007F9694 /* Assets.xcassets in Resources */ = {isa = PBXBuildFile; fileRef = 5C34765422F71C56007F9694 /* Assets.xcassets */; };
		5C34765822F71C56007F9694 /* Preview Assets.xcassets in Resources */ = {isa = PBXBuildFile; fileRef = 5C34765722F71C56007F9694 /* Preview Assets.xcassets */; };
		5C34765B22F71C56007F9694 /* LaunchScreen.storyboard in Resources */ = {isa = PBXBuildFile; fileRef = 5C34765922F71C56007F9694 /* LaunchScreen.storyboard */; };
		5C3790D322FA098900C8DBE9 /* CalculatorViewModel.swift in Sources */ = {isa = PBXBuildFile; fileRef = 5C3790D222FA098900C8DBE9 /* CalculatorViewModel.swift */; };
		5C3790D522FA184400C8DBE9 /* KeyboardView.swift in Sources */ = {isa = PBXBuildFile; fileRef = 5C3790D422FA184400C8DBE9 /* KeyboardView.swift */; };
		5C3790D722FA243500C8DBE9 /* CalculatorItemView.swift in Sources */ = {isa = PBXBuildFile; fileRef = 5C3790D622FA243500C8DBE9 /* CalculatorItemView.swift */; };
		5C4EE4A722FF62AD000B898E /* Expression in Frameworks */ = {isa = PBXBuildFile; productRef = 5C4EE4A622FF62AD000B898E /* Expression */; };
		5C60C87824D32F9B005F6479 /* BarViewModel.swift in Sources */ = {isa = PBXBuildFile; fileRef = 5C60C87724D32F9B005F6479 /* BarViewModel.swift */; };
		5C82CEA422FDCC420030F72E /* ApiRepository.swift in Sources */ = {isa = PBXBuildFile; fileRef = 5C82CEA322FDCC420030F72E /* ApiRepository.swift */; };
		5C82CEA622FDCE510030F72E /* CurrencyResponse.swift in Sources */ = {isa = PBXBuildFile; fileRef = 5C82CEA522FDCE510030F72E /* CurrencyResponse.swift */; };
		5C82CEA822FDCFA90030F72E /* Rates.swift in Sources */ = {isa = PBXBuildFile; fileRef = 5C82CEA722FDCFA90030F72E /* Rates.swift */; };
		5C82CEAA22FDD5020030F72E /* CurrencyType.swift in Sources */ = {isa = PBXBuildFile; fileRef = 5C82CEA922FDD5020030F72E /* CurrencyType.swift */; };
		5C97B62222FCD00C005F62BA /* Currency.swift in Sources */ = {isa = PBXBuildFile; fileRef = 5C97B62122FCD00C005F62BA /* Currency.swift */; };
		5CCA74812311D0E900CFF721 /* CoreDataRepository.swift in Sources */ = {isa = PBXBuildFile; fileRef = 5CCA74802311D0E900CFF721 /* CoreDataRepository.swift */; };
		5CCA74862311FB1900CFF721 /* InitialCurrency.swift in Sources */ = {isa = PBXBuildFile; fileRef = 5CCA74852311FB1900CFF721 /* InitialCurrency.swift */; };
		5CEE59FE230DD3AB0007F300 /* BarView.swift in Sources */ = {isa = PBXBuildFile; fileRef = 5CEE59FD230DD3AB0007F300 /* BarView.swift */; };
		5CF436832308126000164126 /* Currencies.json in Resources */ = {isa = PBXBuildFile; fileRef = 5CF436822308126000164126 /* Currencies.json */; };
		5CF75F1022FB5F910024EB77 /* KeyboardItem.swift in Sources */ = {isa = PBXBuildFile; fileRef = 5CF75F0F22FB5F910024EB77 /* KeyboardItem.swift */; };
		5CF87A0724E2A6730025FE50 /* CurrenciesSEED.swift in Sources */ = {isa = PBXBuildFile; fileRef = 5CF87A0624E2A6730025FE50 /* CurrenciesSEED.swift */; };
/* End PBXBuildFile section */

/* Begin PBXFileReference section */
		5C09A4CF24D30BA10043038E /* UserDefaulltsRepository.swift */ = {isa = PBXFileReference; lastKnownFileType = sourcecode.swift; path = UserDefaulltsRepository.swift; sourceTree = "<group>"; };
		5C157A6C2306FACA0088E712 /* BarItemView.swift */ = {isa = PBXFileReference; lastKnownFileType = sourcecode.swift; path = BarItemView.swift; sourceTree = "<group>"; };
		5C1B716B24D3433C00DDA8A3 /* CurrenciesViewModel.swift */ = {isa = PBXFileReference; lastKnownFileType = sourcecode.swift; path = CurrenciesViewModel.swift; sourceTree = "<group>"; };
		5C1EC71E24CDA30B0084251A /* CCCApp.swift */ = {isa = PBXFileReference; lastKnownFileType = sourcecode.swift; path = CCCApp.swift; sourceTree = "<group>"; };
		5C2F6E9623089BCB00FD9D31 /* CurrenciesView.swift */ = {isa = PBXFileReference; lastKnownFileType = sourcecode.swift; path = CurrenciesView.swift; sourceTree = "<group>"; };
		5C2F6E9923089C1300FD9D31 /* CurrencyItemView.swift */ = {isa = PBXFileReference; lastKnownFileType = sourcecode.swift; path = CurrencyItemView.swift; sourceTree = "<group>"; };
		5C34764822F71C56007F9694 /* CurrencyConverterCalculator.app */ = {isa = PBXFileReference; explicitFileType = wrapper.application; includeInIndex = 0; path = CurrencyConverterCalculator.app; sourceTree = BUILT_PRODUCTS_DIR; };
		5C34765022F71C56007F9694 /* CurrencyConverterCalculator.xcdatamodel */ = {isa = PBXFileReference; lastKnownFileType = wrapper.xcdatamodel; path = CurrencyConverterCalculator.xcdatamodel; sourceTree = "<group>"; };
		5C34765222F71C56007F9694 /* CalculatorView.swift */ = {isa = PBXFileReference; lastKnownFileType = sourcecode.swift; path = CalculatorView.swift; sourceTree = "<group>"; };
		5C34765422F71C56007F9694 /* Assets.xcassets */ = {isa = PBXFileReference; lastKnownFileType = folder.assetcatalog; path = Assets.xcassets; sourceTree = "<group>"; };
		5C34765722F71C56007F9694 /* Preview Assets.xcassets */ = {isa = PBXFileReference; lastKnownFileType = folder.assetcatalog; path = "Preview Assets.xcassets"; sourceTree = "<group>"; };
		5C34765A22F71C56007F9694 /* Base */ = {isa = PBXFileReference; lastKnownFileType = file.storyboard; name = Base; path = Base.lproj/LaunchScreen.storyboard; sourceTree = "<group>"; };
		5C34765C22F71C56007F9694 /* Info.plist */ = {isa = PBXFileReference; lastKnownFileType = text.plist.xml; path = Info.plist; sourceTree = "<group>"; };
		5C3790D222FA098900C8DBE9 /* CalculatorViewModel.swift */ = {isa = PBXFileReference; lastKnownFileType = sourcecode.swift; path = CalculatorViewModel.swift; sourceTree = "<group>"; };
		5C3790D422FA184400C8DBE9 /* KeyboardView.swift */ = {isa = PBXFileReference; lastKnownFileType = sourcecode.swift; path = KeyboardView.swift; sourceTree = "<group>"; };
		5C3790D622FA243500C8DBE9 /* CalculatorItemView.swift */ = {isa = PBXFileReference; lastKnownFileType = sourcecode.swift; path = CalculatorItemView.swift; sourceTree = "<group>"; };
		5C60C87724D32F9B005F6479 /* BarViewModel.swift */ = {isa = PBXFileReference; lastKnownFileType = sourcecode.swift; path = BarViewModel.swift; sourceTree = "<group>"; };
		5C82CEA322FDCC420030F72E /* ApiRepository.swift */ = {isa = PBXFileReference; lastKnownFileType = sourcecode.swift; path = ApiRepository.swift; sourceTree = "<group>"; };
		5C82CEA522FDCE510030F72E /* CurrencyResponse.swift */ = {isa = PBXFileReference; lastKnownFileType = sourcecode.swift; path = CurrencyResponse.swift; sourceTree = "<group>"; };
		5C82CEA722FDCFA90030F72E /* Rates.swift */ = {isa = PBXFileReference; lastKnownFileType = sourcecode.swift; path = Rates.swift; sourceTree = "<group>"; };
		5C82CEA922FDD5020030F72E /* CurrencyType.swift */ = {isa = PBXFileReference; lastKnownFileType = sourcecode.swift; path = CurrencyType.swift; sourceTree = "<group>"; };
		5C97B62122FCD00C005F62BA /* Currency.swift */ = {isa = PBXFileReference; lastKnownFileType = sourcecode.swift; path = Currency.swift; sourceTree = "<group>"; };
		5C9DEA5B23A6B3560022F6CD /* Config.xcconfig */ = {isa = PBXFileReference; lastKnownFileType = text.xcconfig; path = Config.xcconfig; sourceTree = "<group>"; };
		5CCA74802311D0E900CFF721 /* CoreDataRepository.swift */ = {isa = PBXFileReference; lastKnownFileType = sourcecode.swift; path = CoreDataRepository.swift; sourceTree = "<group>"; };
		5CCA74852311FB1900CFF721 /* InitialCurrency.swift */ = {isa = PBXFileReference; lastKnownFileType = sourcecode.swift; path = InitialCurrency.swift; sourceTree = "<group>"; };
		5CEE59FD230DD3AB0007F300 /* BarView.swift */ = {isa = PBXFileReference; lastKnownFileType = sourcecode.swift; path = BarView.swift; sourceTree = "<group>"; };
		5CF436822308126000164126 /* Currencies.json */ = {isa = PBXFileReference; lastKnownFileType = text.json; path = Currencies.json; sourceTree = "<group>"; };
		5CF75F0F22FB5F910024EB77 /* KeyboardItem.swift */ = {isa = PBXFileReference; lastKnownFileType = sourcecode.swift; path = KeyboardItem.swift; sourceTree = "<group>"; };
		5CF87A0624E2A6730025FE50 /* CurrenciesSEED.swift */ = {isa = PBXFileReference; lastKnownFileType = sourcecode.swift; path = CurrenciesSEED.swift; sourceTree = "<group>"; };
/* End PBXFileReference section */

/* Begin PBXFrameworksBuildPhase section */
		5C34764522F71C56007F9694 /* Frameworks */ = {
			isa = PBXFrameworksBuildPhase;
			buildActionMask = 2147483647;
			files = (
				5C4EE4A722FF62AD000B898E /* Expression in Frameworks */,
			);
			runOnlyForDeploymentPostprocessing = 0;
		};
/* End PBXFrameworksBuildPhase section */

/* Begin PBXGroup section */
		5C2CA83E22F720CD0037BE10 /* App */ = {
			isa = PBXGroup;
			children = (
				5C1EC71E24CDA30B0084251A /* CCCApp.swift */,
			);
			path = App;
			sourceTree = "<group>";
		};
		5C2CA84022F720F90037BE10 /* Resources */ = {
			isa = PBXGroup;
			children = (
				5C34765422F71C56007F9694 /* Assets.xcassets */,
				5C34765922F71C56007F9694 /* LaunchScreen.storyboard */,
				5C34765C22F71C56007F9694 /* Info.plist */,
				5C34764F22F71C56007F9694 /* CurrencyConverterCalculator.xcdatamodeld */,
				5CF436822308126000164126 /* Currencies.json */,
				5C9DEA5B23A6B3560022F6CD /* Config.xcconfig */,
			);
			path = Resources;
			sourceTree = "<group>";
		};
		5C34763F22F71C56007F9694 = {
			isa = PBXGroup;
			children = (
				5C34764A22F71C56007F9694 /* CurrencyConverterCalculator */,
				5C34764922F71C56007F9694 /* Products */,
			);
			sourceTree = "<group>";
		};
		5C34764922F71C56007F9694 /* Products */ = {
			isa = PBXGroup;
			children = (
				5C34764822F71C56007F9694 /* CurrencyConverterCalculator.app */,
			);
			name = Products;
			sourceTree = "<group>";
		};
		5C34764A22F71C56007F9694 /* CurrencyConverterCalculator */ = {
			isa = PBXGroup;
			children = (
				5C2CA83E22F720CD0037BE10 /* App */,
				5CF75F0E22FB5F6E0024EB77 /* Model */,
				5CCA74892312E47C00CFF721 /* UI */,
				5C82CEA222FDCC1F0030F72E /* Repository */,
				5C2CA84022F720F90037BE10 /* Resources */,
				5C34765622F71C56007F9694 /* Preview Content */,
			);
			path = CurrencyConverterCalculator;
			sourceTree = "<group>";
		};
		5C34765622F71C56007F9694 /* Preview Content */ = {
			isa = PBXGroup;
			children = (
				5C34765722F71C56007F9694 /* Preview Assets.xcassets */,
			);
			path = "Preview Content";
			sourceTree = "<group>";
		};
		5C6823EB24D0D63A007CF2DF /* Bar */ = {
			isa = PBXGroup;
			children = (
				5C157A6C2306FACA0088E712 /* BarItemView.swift */,
				5CEE59FD230DD3AB0007F300 /* BarView.swift */,
				5C60C87724D32F9B005F6479 /* BarViewModel.swift */,
			);
			path = Bar;
			sourceTree = "<group>";
		};
		5C68240E23B5397B0087D5F0 /* Calculator */ = {
			isa = PBXGroup;
			children = (
				5C3790D422FA184400C8DBE9 /* KeyboardView.swift */,
				5C3790D622FA243500C8DBE9 /* CalculatorItemView.swift */,
				5C34765222F71C56007F9694 /* CalculatorView.swift */,
				5C3790D222FA098900C8DBE9 /* CalculatorViewModel.swift */,
			);
			path = Calculator;
			sourceTree = "<group>";
		};
		5C82CEA222FDCC1F0030F72E /* Repository */ = {
			isa = PBXGroup;
			children = (
				5CCA74802311D0E900CFF721 /* CoreDataRepository.swift */,
				5C82CEA322FDCC420030F72E /* ApiRepository.swift */,
				5C09A4CF24D30BA10043038E /* UserDefaulltsRepository.swift */,
			);
			path = Repository;
			sourceTree = "<group>";
		};
		5CCA74892312E47C00CFF721 /* UI */ = {
			isa = PBXGroup;
			children = (
				5C6823EB24D0D63A007CF2DF /* Bar */,
				5C68240E23B5397B0087D5F0 /* Calculator */,
				5CCA748A2312E48200CFF721 /* Currrencies */,
			);
			path = UI;
			sourceTree = "<group>";
		};
		5CCA748A2312E48200CFF721 /* Currrencies */ = {
			isa = PBXGroup;
			children = (
				5C2F6E9923089C1300FD9D31 /* CurrencyItemView.swift */,
				5C2F6E9623089BCB00FD9D31 /* CurrenciesView.swift */,
				5C1B716B24D3433C00DDA8A3 /* CurrenciesViewModel.swift */,
				5CF87A0624E2A6730025FE50 /* CurrenciesSEED.swift */,
			);
			path = Currrencies;
			sourceTree = "<group>";
		};
		5CF75F0E22FB5F6E0024EB77 /* Model */ = {
			isa = PBXGroup;
			children = (
				5CF75F0F22FB5F910024EB77 /* KeyboardItem.swift */,
				5C97B62122FCD00C005F62BA /* Currency.swift */,
				5C82CEA522FDCE510030F72E /* CurrencyResponse.swift */,
				5C82CEA722FDCFA90030F72E /* Rates.swift */,
				5C82CEA922FDD5020030F72E /* CurrencyType.swift */,
				5CCA74852311FB1900CFF721 /* InitialCurrency.swift */,
			);
			path = Model;
			sourceTree = "<group>";
		};
/* End PBXGroup section */

/* Begin PBXNativeTarget section */
		5C34764722F71C56007F9694 /* CurrencyConverterCalculator */ = {
			isa = PBXNativeTarget;
			buildConfigurationList = 5C34765F22F71C56007F9694 /* Build configuration list for PBXNativeTarget "CurrencyConverterCalculator" */;
			buildPhases = (
				5C34764422F71C56007F9694 /* Sources */,
				5C34764522F71C56007F9694 /* Frameworks */,
				5C34764622F71C56007F9694 /* Resources */,
				5C2CA84122F77EC80037BE10 /* ShellScript */,
			);
			buildRules = (
			);
			dependencies = (
			);
			name = CurrencyConverterCalculator;
			packageProductDependencies = (
				5C4EE4A622FF62AD000B898E /* Expression */,
			);
			productName = CurrencyConverterCalculator;
			productReference = 5C34764822F71C56007F9694 /* CurrencyConverterCalculator.app */;
			productType = "com.apple.product-type.application";
		};
/* End PBXNativeTarget section */

/* Begin PBXProject section */
		5C34764022F71C56007F9694 /* Project object */ = {
			isa = PBXProject;
			attributes = {
				LastSwiftUpdateCheck = 1100;
				LastUpgradeCheck = 1200;
				ORGANIZATIONNAME = "Mustafa Ozhan";
				TargetAttributes = {
					5C34764722F71C56007F9694 = {
						CreatedOnToolsVersion = 11.0;
					};
				};
			};
			buildConfigurationList = 5C34764322F71C56007F9694 /* Build configuration list for PBXProject "CurrencyConverterCalculator" */;
			compatibilityVersion = "Xcode 9.3";
			developmentRegion = en;
			hasScannedForEncodings = 0;
			knownRegions = (
				en,
				Base,
			);
			mainGroup = 5C34763F22F71C56007F9694;
			packageReferences = (
				5C4EE4A522FF62AD000B898E /* XCRemoteSwiftPackageReference "Expression" */,
			);
			productRefGroup = 5C34764922F71C56007F9694 /* Products */;
			projectDirPath = "";
			projectRoot = "";
			targets = (
				5C34764722F71C56007F9694 /* CurrencyConverterCalculator */,
			);
		};
/* End PBXProject section */

/* Begin PBXResourcesBuildPhase section */
		5C34764622F71C56007F9694 /* Resources */ = {
			isa = PBXResourcesBuildPhase;
			buildActionMask = 2147483647;
			files = (
				5CF436832308126000164126 /* Currencies.json in Resources */,
				5C34765B22F71C56007F9694 /* LaunchScreen.storyboard in Resources */,
				5C34765822F71C56007F9694 /* Preview Assets.xcassets in Resources */,
				5C34765522F71C56007F9694 /* Assets.xcassets in Resources */,
			);
			runOnlyForDeploymentPostprocessing = 0;
		};
/* End PBXResourcesBuildPhase section */

/* Begin PBXShellScriptBuildPhase section */
		5C2CA84122F77EC80037BE10 /* ShellScript */ = {
			isa = PBXShellScriptBuildPhase;
			buildActionMask = 2147483647;
			files = (
			);
			inputFileListPaths = (
			);
			inputPaths = (
			);
			outputFileListPaths = (
			);
			outputPaths = (
			);
			runOnlyForDeploymentPostprocessing = 0;
			shellPath = /bin/sh;
			shellScript = "if which swiftlint >/dev/null; then\n  swiftlint --no-cache\nelse\n  echo \"warning: SwiftLint not installed, download from https://github.com/realm/SwiftLint\"\nfi\n";
		};
/* End PBXShellScriptBuildPhase section */

/* Begin PBXSourcesBuildPhase section */
		5C34764422F71C56007F9694 /* Sources */ = {
			isa = PBXSourcesBuildPhase;
			buildActionMask = 2147483647;
			files = (
				5C34765122F71C56007F9694 /* CurrencyConverterCalculator.xcdatamodeld in Sources */,
				5C1EC71F24CDA30B0084251A /* CCCApp.swift in Sources */,
				5C09A4D024D30BA10043038E /* UserDefaulltsRepository.swift in Sources */,
				5CEE59FE230DD3AB0007F300 /* BarView.swift in Sources */,
				5CF75F1022FB5F910024EB77 /* KeyboardItem.swift in Sources */,
				5CF87A0724E2A6730025FE50 /* CurrenciesSEED.swift in Sources */,
				5CCA74862311FB1900CFF721 /* InitialCurrency.swift in Sources */,
				5C2F6E9723089BCB00FD9D31 /* CurrenciesView.swift in Sources */,
				5C82CEA622FDCE510030F72E /* CurrencyResponse.swift in Sources */,
				5C2F6E9A23089C1300FD9D31 /* CurrencyItemView.swift in Sources */,
				5C3790D522FA184400C8DBE9 /* KeyboardView.swift in Sources */,
				5C3790D722FA243500C8DBE9 /* CalculatorItemView.swift in Sources */,
				5C82CEA822FDCFA90030F72E /* Rates.swift in Sources */,
				5C34765322F71C56007F9694 /* CalculatorView.swift in Sources */,
				5C82CEAA22FDD5020030F72E /* CurrencyType.swift in Sources */,
				5C60C87824D32F9B005F6479 /* BarViewModel.swift in Sources */,
				5C82CEA422FDCC420030F72E /* ApiRepository.swift in Sources */,
				5C3790D322FA098900C8DBE9 /* CalculatorViewModel.swift in Sources */,
				5C97B62222FCD00C005F62BA /* Currency.swift in Sources */,
				5CCA74812311D0E900CFF721 /* CoreDataRepository.swift in Sources */,
				5C157A6D2306FACA0088E712 /* BarItemView.swift in Sources */,
				5C1B716C24D3433C00DDA8A3 /* CurrenciesViewModel.swift in Sources */,
			);
			runOnlyForDeploymentPostprocessing = 0;
		};
/* End PBXSourcesBuildPhase section */

/* Begin PBXVariantGroup section */
		5C34765922F71C56007F9694 /* LaunchScreen.storyboard */ = {
			isa = PBXVariantGroup;
			children = (
				5C34765A22F71C56007F9694 /* Base */,
			);
			name = LaunchScreen.storyboard;
			sourceTree = "<group>";
		};
/* End PBXVariantGroup section */

/* Begin XCBuildConfiguration section */
		5C34765D22F71C56007F9694 /* Debug */ = {
			isa = XCBuildConfiguration;
			baseConfigurationReference = 5C9DEA5B23A6B3560022F6CD /* Config.xcconfig */;
			buildSettings = {
				ALWAYS_SEARCH_USER_PATHS = NO;
				CLANG_ANALYZER_NONNULL = YES;
				CLANG_ANALYZER_NUMBER_OBJECT_CONVERSION = YES_AGGRESSIVE;
				CLANG_CXX_LANGUAGE_STANDARD = "gnu++14";
				CLANG_CXX_LIBRARY = "libc++";
				CLANG_ENABLE_MODULES = YES;
				CLANG_ENABLE_OBJC_ARC = YES;
				CLANG_ENABLE_OBJC_WEAK = YES;
				CLANG_WARN_BLOCK_CAPTURE_AUTORELEASING = YES;
				CLANG_WARN_BOOL_CONVERSION = YES;
				CLANG_WARN_COMMA = YES;
				CLANG_WARN_CONSTANT_CONVERSION = YES;
				CLANG_WARN_DEPRECATED_OBJC_IMPLEMENTATIONS = YES;
				CLANG_WARN_DIRECT_OBJC_ISA_USAGE = YES_ERROR;
				CLANG_WARN_DOCUMENTATION_COMMENTS = YES;
				CLANG_WARN_EMPTY_BODY = YES;
				CLANG_WARN_ENUM_CONVERSION = YES;
				CLANG_WARN_INFINITE_RECURSION = YES;
				CLANG_WARN_INT_CONVERSION = YES;
				CLANG_WARN_NON_LITERAL_NULL_CONVERSION = YES;
				CLANG_WARN_OBJC_IMPLICIT_RETAIN_SELF = YES;
				CLANG_WARN_OBJC_LITERAL_CONVERSION = YES;
				CLANG_WARN_OBJC_ROOT_CLASS = YES_ERROR;
				CLANG_WARN_QUOTED_INCLUDE_IN_FRAMEWORK_HEADER = YES;
				CLANG_WARN_RANGE_LOOP_ANALYSIS = YES;
				CLANG_WARN_STRICT_PROTOTYPES = YES;
				CLANG_WARN_SUSPICIOUS_MOVE = YES;
				CLANG_WARN_UNGUARDED_AVAILABILITY = YES_AGGRESSIVE;
				CLANG_WARN_UNREACHABLE_CODE = YES;
				CLANG_WARN__DUPLICATE_METHOD_MATCH = YES;
				COPY_PHASE_STRIP = NO;
				DEBUG_INFORMATION_FORMAT = dwarf;
				ENABLE_STRICT_OBJC_MSGSEND = YES;
				ENABLE_TESTABILITY = YES;
				GCC_C_LANGUAGE_STANDARD = gnu11;
				GCC_DYNAMIC_NO_PIC = NO;
				GCC_NO_COMMON_BLOCKS = YES;
				GCC_OPTIMIZATION_LEVEL = 0;
				GCC_PREPROCESSOR_DEFINITIONS = (
					"DEBUG=1",
					"$(inherited)",
				);
				GCC_WARN_64_TO_32_BIT_CONVERSION = YES;
				GCC_WARN_ABOUT_RETURN_TYPE = YES_ERROR;
				GCC_WARN_UNDECLARED_SELECTOR = YES;
				GCC_WARN_UNINITIALIZED_AUTOS = YES_AGGRESSIVE;
				GCC_WARN_UNUSED_FUNCTION = YES;
				GCC_WARN_UNUSED_VARIABLE = YES;
				IPHONEOS_DEPLOYMENT_TARGET = 14.0;
				MTL_ENABLE_DEBUG_INFO = INCLUDE_SOURCE;
				MTL_FAST_MATH = YES;
				ONLY_ACTIVE_ARCH = YES;
				SDKROOT = iphoneos;
				SWIFT_ACTIVE_COMPILATION_CONDITIONS = DEBUG;
				SWIFT_OPTIMIZATION_LEVEL = "-Onone";
			};
			name = Debug;
		};
		5C34765E22F71C56007F9694 /* Release */ = {
			isa = XCBuildConfiguration;
			baseConfigurationReference = 5C9DEA5B23A6B3560022F6CD /* Config.xcconfig */;
			buildSettings = {
				ALWAYS_SEARCH_USER_PATHS = NO;
				CLANG_ANALYZER_NONNULL = YES;
				CLANG_ANALYZER_NUMBER_OBJECT_CONVERSION = YES_AGGRESSIVE;
				CLANG_CXX_LANGUAGE_STANDARD = "gnu++14";
				CLANG_CXX_LIBRARY = "libc++";
				CLANG_ENABLE_MODULES = YES;
				CLANG_ENABLE_OBJC_ARC = YES;
				CLANG_ENABLE_OBJC_WEAK = YES;
				CLANG_WARN_BLOCK_CAPTURE_AUTORELEASING = YES;
				CLANG_WARN_BOOL_CONVERSION = YES;
				CLANG_WARN_COMMA = YES;
				CLANG_WARN_CONSTANT_CONVERSION = YES;
				CLANG_WARN_DEPRECATED_OBJC_IMPLEMENTATIONS = YES;
				CLANG_WARN_DIRECT_OBJC_ISA_USAGE = YES_ERROR;
				CLANG_WARN_DOCUMENTATION_COMMENTS = YES;
				CLANG_WARN_EMPTY_BODY = YES;
				CLANG_WARN_ENUM_CONVERSION = YES;
				CLANG_WARN_INFINITE_RECURSION = YES;
				CLANG_WARN_INT_CONVERSION = YES;
				CLANG_WARN_NON_LITERAL_NULL_CONVERSION = YES;
				CLANG_WARN_OBJC_IMPLICIT_RETAIN_SELF = YES;
				CLANG_WARN_OBJC_LITERAL_CONVERSION = YES;
				CLANG_WARN_OBJC_ROOT_CLASS = YES_ERROR;
				CLANG_WARN_QUOTED_INCLUDE_IN_FRAMEWORK_HEADER = YES;
				CLANG_WARN_RANGE_LOOP_ANALYSIS = YES;
				CLANG_WARN_STRICT_PROTOTYPES = YES;
				CLANG_WARN_SUSPICIOUS_MOVE = YES;
				CLANG_WARN_UNGUARDED_AVAILABILITY = YES_AGGRESSIVE;
				CLANG_WARN_UNREACHABLE_CODE = YES;
				CLANG_WARN__DUPLICATE_METHOD_MATCH = YES;
				COPY_PHASE_STRIP = NO;
				DEBUG_INFORMATION_FORMAT = "dwarf-with-dsym";
				ENABLE_NS_ASSERTIONS = NO;
				ENABLE_STRICT_OBJC_MSGSEND = YES;
				GCC_C_LANGUAGE_STANDARD = gnu11;
				GCC_NO_COMMON_BLOCKS = YES;
				GCC_WARN_64_TO_32_BIT_CONVERSION = YES;
				GCC_WARN_ABOUT_RETURN_TYPE = YES_ERROR;
				GCC_WARN_UNDECLARED_SELECTOR = YES;
				GCC_WARN_UNINITIALIZED_AUTOS = YES_AGGRESSIVE;
				GCC_WARN_UNUSED_FUNCTION = YES;
				GCC_WARN_UNUSED_VARIABLE = YES;
				IPHONEOS_DEPLOYMENT_TARGET = 14.0;
				MTL_ENABLE_DEBUG_INFO = NO;
				MTL_FAST_MATH = YES;
				SDKROOT = iphoneos;
				SWIFT_COMPILATION_MODE = wholemodule;
				SWIFT_OPTIMIZATION_LEVEL = "-O";
				VALIDATE_PRODUCT = YES;
			};
			name = Release;
		};
		5C34766022F71C56007F9694 /* Debug */ = {
			isa = XCBuildConfiguration;
			baseConfigurationReference = 5C9DEA5B23A6B3560022F6CD /* Config.xcconfig */;
			buildSettings = {
				ASSETCATALOG_COMPILER_APPICON_NAME = AppIcon;
				CODE_SIGN_STYLE = Automatic;
				DEVELOPMENT_ASSET_PATHS = "CurrencyConverterCalculator/Preview\\ Content";
				DEVELOPMENT_TEAM = 8MTR5SHZFD;
				ENABLE_PREVIEWS = YES;
				INFOPLIST_FILE = CurrencyConverterCalculator/Resources/Info.plist;
				LD_RUNPATH_SEARCH_PATHS = (
					"$(inherited)",
					"@executable_path/Frameworks",
				);
				PRODUCT_BUNDLE_IDENTIFIER = com.github.mustafaozhan.CurrencyConverterCalculator;
				PRODUCT_NAME = "$(TARGET_NAME)";
				SWIFT_VERSION = 5.0;
				TARGETED_DEVICE_FAMILY = "1,2";
			};
			name = Debug;
		};
		5C34766122F71C56007F9694 /* Release */ = {
			isa = XCBuildConfiguration;
			baseConfigurationReference = 5C9DEA5B23A6B3560022F6CD /* Config.xcconfig */;
			buildSettings = {
				ASSETCATALOG_COMPILER_APPICON_NAME = AppIcon;
				CODE_SIGN_STYLE = Automatic;
				DEVELOPMENT_ASSET_PATHS = "CurrencyConverterCalculator/Preview\\ Content";
				DEVELOPMENT_TEAM = 8MTR5SHZFD;
				ENABLE_PREVIEWS = YES;
				INFOPLIST_FILE = CurrencyConverterCalculator/Resources/Info.plist;
				LD_RUNPATH_SEARCH_PATHS = (
					"$(inherited)",
					"@executable_path/Frameworks",
				);
				PRODUCT_BUNDLE_IDENTIFIER = com.github.mustafaozhan.CurrencyConverterCalculator;
				PRODUCT_NAME = "$(TARGET_NAME)";
				SWIFT_VERSION = 5.0;
				TARGETED_DEVICE_FAMILY = "1,2";
			};
			name = Release;
		};
/* End XCBuildConfiguration section */

/* Begin XCConfigurationList section */
		5C34764322F71C56007F9694 /* Build configuration list for PBXProject "CurrencyConverterCalculator" */ = {
			isa = XCConfigurationList;
			buildConfigurations = (
				5C34765D22F71C56007F9694 /* Debug */,
				5C34765E22F71C56007F9694 /* Release */,
			);
			defaultConfigurationIsVisible = 0;
			defaultConfigurationName = Release;
		};
		5C34765F22F71C56007F9694 /* Build configuration list for PBXNativeTarget "CurrencyConverterCalculator" */ = {
			isa = XCConfigurationList;
			buildConfigurations = (
				5C34766022F71C56007F9694 /* Debug */,
				5C34766122F71C56007F9694 /* Release */,
			);
			defaultConfigurationIsVisible = 0;
			defaultConfigurationName = Release;
		};
/* End XCConfigurationList section */

/* Begin XCRemoteSwiftPackageReference section */
		5C4EE4A522FF62AD000B898E /* XCRemoteSwiftPackageReference "Expression" */ = {
			isa = XCRemoteSwiftPackageReference;
			repositoryURL = "https://github.com/nicklockwood/Expression.git";
			requirement = {
				kind = upToNextMajorVersion;
				minimumVersion = 0.13.2;
			};
		};
/* End XCRemoteSwiftPackageReference section */

/* Begin XCSwiftPackageProductDependency section */
		5C4EE4A622FF62AD000B898E /* Expression */ = {
			isa = XCSwiftPackageProductDependency;
			package = 5C4EE4A522FF62AD000B898E /* XCRemoteSwiftPackageReference "Expression" */;
			productName = Expression;
		};
/* End XCSwiftPackageProductDependency section */

/* Begin XCVersionGroup section */
		5C34764F22F71C56007F9694 /* CurrencyConverterCalculator.xcdatamodeld */ = {
			isa = XCVersionGroup;
			children = (
				5C34765022F71C56007F9694 /* CurrencyConverterCalculator.xcdatamodel */,
			);
			currentVersion = 5C34765022F71C56007F9694 /* CurrencyConverterCalculator.xcdatamodel */;
			path = CurrencyConverterCalculator.xcdatamodeld;
			sourceTree = "<group>";
			versionGroupType = wrapper.xcdatamodel;
		};
/* End XCVersionGroup section */
	};
	rootObject = 5C34764022F71C56007F9694 /* Project object */;
}
